{
  "name": "house-life",
  "lockfileVersion": 2,
  "requires": true,
  "packages": {
    "": {
      "name": "house-life",
      "dependencies": {
        "@photo-sphere-viewer/autorotate-plugin": "^5.14.0",
        "@photo-sphere-viewer/core": "^5.14.0",
        "@photo-sphere-viewer/gyroscope-plugin": "^5.14.0",
        "@photo-sphere-viewer/markers-plugin": "^5.14.0"
      }
    },
    "node_modules/@photo-sphere-viewer/autorotate-plugin": {
      "version": "5.14.0",
      "resolved": "https://registry.npmjs.org/@photo-sphere-viewer/autorotate-plugin/-/autorotate-plugin-5.14.0.tgz",
      "integrity": "sha512-8y+guV3/hN9GJ1eTRoRIk/phtEO5JFLzjTrB5dH+b3frr1J+7oxujE3d2dLDFPeJAcTqhlo0eojaQviOEPUdkQ==",
      "peerDependencies": {
        "@photo-sphere-viewer/core": "5.14.0"
      }
    },
    "node_modules/@photo-sphere-viewer/core": {
      "version": "5.14.0",
      "resolved": "https://registry.npmjs.org/@photo-sphere-viewer/core/-/core-5.14.0.tgz",
      "integrity": "sha512-V0JeDSB1D2Q60Zqn7+0FPjq8gqbKEwuxMzNdTLydefkQugVztLvdZykO+4k5XTpweZ2QAWPH/QOI1xZbsdvR9A==",
      "dependencies": {
        "three": "^0.179.0"
      }
    },
    "node_modules/@photo-sphere-viewer/gyroscope-plugin": {
      "version": "5.14.0",
      "resolved": "https://registry.npmjs.org/@photo-sphere-viewer/gyroscope-plugin/-/gyroscope-plugin-5.14.0.tgz",
      "integrity": "sha512-KDaQlL9E1Od2ipISRgZzLeG/iH46h05K6iP6qszZX5e+YeSR8aeYFg1Q9qdo1JYm0LhSaA5Hd9jffFa+dDDQPw==",
      "peerDependencies": {
        "@photo-sphere-viewer/core": "5.14.0"
      }
    },
    "node_modules/@photo-sphere-viewer/markers-plugin": {
      "version": "5.14.0",
      "resolved": "https://registry.npmjs.org/@photo-sphere-viewer/markers-plugin/-/markers-plugin-5.14.0.tgz",
      "integrity": "sha512-w7txVHtLxXMS61m0EbNjgvdNXQYRh6Aa0oatft5oruKgoXLg/UlCu1mG6Btg+zrNsG05W2zl4gRM3fcWoVdneA==",
      "peerDependencies": {
        "@photo-sphere-viewer/core": "5.14.0"
      }
    },
    "node_modules/three": {
      "version": "0.179.1",
      "resolved": "https://registry.npmjs.org/three/-/three-0.179.1.tgz",
      "integrity": "sha512-5y/elSIQbrvKOISxpwXCR4sQqHtGiOI+MKLc3SsBdDXA2hz3Mdp3X59aUp8DyybMa34aeBwbFTpdoLJaUDEWSw=="
    }
  },
  "dependencies": {
    "@photo-sphere-viewer/autorotate-plugin": {
      "version": "5.14.0",
      "resolved": "https://registry.npmjs.org/@photo-sphere-viewer/autorotate-plugin/-/autorotate-plugin-5.14.0.tgz",
      "integrity": "sha512-8y+guV3/hN9GJ1eTRoRIk/phtEO5JFLzjTrB5dH+b3frr1J+7oxujE3d2dLDFPeJAcTqhlo0eojaQviOEPUdkQ==",
      "requires": {}
    },
    "@photo-sphere-viewer/core": {
      "version": "5.14.0",
      "resolved": "https://registry.npmjs.org/@photo-sphere-viewer/core/-/core-5.14.0.tgz",
      "integrity": "sha512-V0JeDSB1D2Q60Zqn7+0FPjq8gqbKEwuxMzNdTLydefkQugVztLvdZykO+4k5XTpweZ2QAWPH/QOI1xZbsdvR9A==",
      "requires": {
        "three": "^0.179.0"
      }
    },
    "@photo-sphere-viewer/gyroscope-plugin": {
      "version": "5.14.0",
      "resolved": "https://registry.npmjs.org/@photo-sphere-viewer/gyroscope-plugin/-/gyroscope-plugin-5.14.0.tgz",
      "integrity": "sha512-KDaQlL9E1Od2ipISRgZzLeG/iH46h05K6iP6qszZX5e+YeSR8aeYFg1Q9qdo1JYm0LhSaA5Hd9jffFa+dDDQPw==",
      "requires": {}
    },
    "@photo-sphere-viewer/markers-plugin": {
      "version": "5.14.0",
      "resolved": "https://registry.npmjs.org/@photo-sphere-viewer/markers-plugin/-/markers-plugin-5.14.0.tgz",
      "integrity": "sha512-w7txVHtLxXMS61m0EbNjgvdNXQYRh6Aa0oatft5oruKgoXLg/UlCu1mG6Btg+zrNsG05W2zl4gRM3fcWoVdneA==",
      "requires": {}
    },
    "three": {
      "version": "0.179.1",
      "resolved": "https://registry.npmjs.org/three/-/three-0.179.1.tgz",
      "integrity": "sha512-5y/elSIQbrvKOISxpwXCR4sQqHtGiOI+MKLc3SsBdDXA2hz3Mdp3X59aUp8DyybMa34aeBwbFTpdoLJaUDEWSw=="
    }
  }
}
